
Microsoft Visual Studio Solution File, Format Version 12.00
# Visual Studio Version 16
VisualStudioVersion = 16.0.29020.237
MinimumVisualStudioVersion = 10.0.40219.1
Project("{FAE04EC0-301F-11D3-BF4B-00C04F79EFBC}") = "Generic_2", "Generic_2.csproj", "{4C3818B7-75BE-4530-92E8-9BB4510EC5FA}"
EndProject
Global
	GlobalSection(SolutionConfigurationPlatforms) = preSolution
		Debug|Any CPU = Debug|Any CPU
		Release|Any CPU = Release|Any CPU
	EndGlobalSection
	GlobalSection(ProjectConfigurationPlatforms) = postSolution
		{4C3818B7-75BE-4530-92E8-9BB4510EC5FA}.Debug|Any CPU.ActiveCfg = Debug|Any CPU
		{4C3818B7-75BE-4530-92E8-9BB4510EC5FA}.Debug|Any CPU.Build.0 = Debug|Any CPU
		{4C3818B7-75BE-4530-92E8-9BB4510EC5FA}.Release|Any CPU.ActiveCfg = Release|Any CPU
		{4C3818B7-75BE-4530-92E8-9BB4510EC5FA}.Release|Any CPU.Build.0 = Release|Any CPU
	EndGlobalSection
	GlobalSection(SolutionProperties) = preSolution
		HideSolutionNode = FALSE
	EndGlobalSection
	GlobalSection(ExtensibilityGlobals) = postSolution
		SolutionGuid = {2586291C-EE8B-4B8E-B711-86A951617697}
	EndGlobalSection
EndGlobal
