
Microsoft Visual Studio Solution File, Format Version 12.00
# Visual Studio Version 16
VisualStudioVersion = 16.0.29020.237
MinimumVisualStudioVersion = 10.0.40219.1
Project("{FAE04EC0-301F-11D3-BF4B-00C04F79EFBC}") = "Refiection_Practice", "Refiection_Practice.csproj", "{988E72F1-E55C-4FA0-9AEE-F74B6D02AD21}"
EndProject
Global
	GlobalSection(SolutionConfigurationPlatforms) = preSolution
		Debug|Any CPU = Debug|Any CPU
		Release|Any CPU = Release|Any CPU
	EndGlobalSection
	GlobalSection(ProjectConfigurationPlatforms) = postSolution
		{988E72F1-E55C-4FA0-9AEE-F74B6D02AD21}.Debug|Any CPU.ActiveCfg = Debug|Any CPU
		{988E72F1-E55C-4FA0-9AEE-F74B6D02AD21}.Debug|Any CPU.Build.0 = Debug|Any CPU
		{988E72F1-E55C-4FA0-9AEE-F74B6D02AD21}.Release|Any CPU.ActiveCfg = Release|Any CPU
		{988E72F1-E55C-4FA0-9AEE-F74B6D02AD21}.Release|Any CPU.Build.0 = Release|Any CPU
	EndGlobalSection
	GlobalSection(SolutionProperties) = preSolution
		HideSolutionNode = FALSE
	EndGlobalSection
	GlobalSection(ExtensibilityGlobals) = postSolution
		SolutionGuid = {B2A8CCDC-2C4B-4151-BD3D-1C8F408298B7}
	EndGlobalSection
EndGlobal
