
Microsoft Visual Studio Solution File, Format Version 12.00
# Visual Studio Version 16
VisualStudioVersion = 16.0.29020.237
MinimumVisualStudioVersion = 10.0.40219.1
Project("{FAE04EC0-301F-11D3-BF4B-00C04F79EFBC}") = "CodeFist", "CodeFist.csproj", "{F89EFBC2-8FAF-4EC9-91D5-273CE6C4E374}"
EndProject
Global
	GlobalSection(SolutionConfigurationPlatforms) = preSolution
		Debug|Any CPU = Debug|Any CPU
		Release|Any CPU = Release|Any CPU
	EndGlobalSection
	GlobalSection(ProjectConfigurationPlatforms) = postSolution
		{F89EFBC2-8FAF-4EC9-91D5-273CE6C4E374}.Debug|Any CPU.ActiveCfg = Debug|Any CPU
		{F89EFBC2-8FAF-4EC9-91D5-273CE6C4E374}.Debug|Any CPU.Build.0 = Debug|Any CPU
		{F89EFBC2-8FAF-4EC9-91D5-273CE6C4E374}.Release|Any CPU.ActiveCfg = Release|Any CPU
		{F89EFBC2-8FAF-4EC9-91D5-273CE6C4E374}.Release|Any CPU.Build.0 = Release|Any CPU
	EndGlobalSection
	GlobalSection(SolutionProperties) = preSolution
		HideSolutionNode = FALSE
	EndGlobalSection
	GlobalSection(ExtensibilityGlobals) = postSolution
		SolutionGuid = {0C3BDD3E-A5E7-4CCF-A6F0-9CFB165DF18C}
	EndGlobalSection
EndGlobal
