
Microsoft Visual Studio Solution File, Format Version 12.00
# Visual Studio Version 16
VisualStudioVersion = 16.0.29020.237
MinimumVisualStudioVersion = 10.0.40219.1
Project("{FAE04EC0-301F-11D3-BF4B-00C04F79EFBC}") = "Attribute_1", "Attribute_1.csproj", "{95E9E5C2-6521-4762-AADA-C6D22BC3E82F}"
EndProject
Global
	GlobalSection(SolutionConfigurationPlatforms) = preSolution
		Debug|Any CPU = Debug|Any CPU
		Release|Any CPU = Release|Any CPU
	EndGlobalSection
	GlobalSection(ProjectConfigurationPlatforms) = postSolution
		{95E9E5C2-6521-4762-AADA-C6D22BC3E82F}.Debug|Any CPU.ActiveCfg = Debug|Any CPU
		{95E9E5C2-6521-4762-AADA-C6D22BC3E82F}.Debug|Any CPU.Build.0 = Debug|Any CPU
		{95E9E5C2-6521-4762-AADA-C6D22BC3E82F}.Release|Any CPU.ActiveCfg = Release|Any CPU
		{95E9E5C2-6521-4762-AADA-C6D22BC3E82F}.Release|Any CPU.Build.0 = Release|Any CPU
	EndGlobalSection
	GlobalSection(SolutionProperties) = preSolution
		HideSolutionNode = FALSE
	EndGlobalSection
	GlobalSection(ExtensibilityGlobals) = postSolution
		SolutionGuid = {BDB5DBA1-BA53-47BE-937B-F0C94C8AD4B8}
	EndGlobalSection
EndGlobal
